
Microsoft Visual Studio Solution File, Format Version 12.00
# Visual Studio Version 16
VisualStudioVersion = 16.0.31410.357
MinimumVisualStudioVersion = 10.0.40219.1
Project("{FAE04EC0-301F-11D3-BF4B-00C04F79EFBC}") = "HotelApp", "HotelApp\HotelApp.csproj", "{217DAC08-32A9-44AE-848E-0FA37D9C5915}"
EndProject
Project("{FAE04EC0-301F-11D3-BF4B-00C04F79EFBC}") = "HotelApp.Model", "HotelApp.Model\HotelApp.Model.csproj", "{0F83484C-AF1D-482B-8F6D-0265AA0B0402}"
EndProject
Project("{FAE04EC0-301F-11D3-BF4B-00C04F79EFBC}") = "HotelApp.DataAccess", "HotelApp.DataAccess\HotelApp.DataAccess.csproj", "{505F4B91-1652-4DEB-B929-1C136D808967}"
EndProject
Global
	GlobalSection(SolutionConfigurationPlatforms) = preSolution
		Debug|Any CPU = Debug|Any CPU
		Release|Any CPU = Release|Any CPU
	EndGlobalSection
	GlobalSection(ProjectConfigurationPlatforms) = postSolution
		{217DAC08-32A9-44AE-848E-0FA37D9C5915}.Debug|Any CPU.ActiveCfg = Debug|Any CPU
		{217DAC08-32A9-44AE-848E-0FA37D9C5915}.Debug|Any CPU.Build.0 = Debug|Any CPU
		{217DAC08-32A9-44AE-848E-0FA37D9C5915}.Release|Any CPU.ActiveCfg = Release|Any CPU
		{217DAC08-32A9-44AE-848E-0FA37D9C5915}.Release|Any CPU.Build.0 = Release|Any CPU
		{0F83484C-AF1D-482B-8F6D-0265AA0B0402}.Debug|Any CPU.ActiveCfg = Debug|Any CPU
		{0F83484C-AF1D-482B-8F6D-0265AA0B0402}.Debug|Any CPU.Build.0 = Debug|Any CPU
		{0F83484C-AF1D-482B-8F6D-0265AA0B0402}.Release|Any CPU.ActiveCfg = Release|Any CPU
		{0F83484C-AF1D-482B-8F6D-0265AA0B0402}.Release|Any CPU.Build.0 = Release|Any CPU
		{505F4B91-1652-4DEB-B929-1C136D808967}.Debug|Any CPU.ActiveCfg = Debug|Any CPU
		{505F4B91-1652-4DEB-B929-1C136D808967}.Debug|Any CPU.Build.0 = Debug|Any CPU
		{505F4B91-1652-4DEB-B929-1C136D808967}.Release|Any CPU.ActiveCfg = Release|Any CPU
		{505F4B91-1652-4DEB-B929-1C136D808967}.Release|Any CPU.Build.0 = Release|Any CPU
	EndGlobalSection
	GlobalSection(SolutionProperties) = preSolution
		HideSolutionNode = FALSE
	EndGlobalSection
	GlobalSection(ExtensibilityGlobals) = postSolution
		SolutionGuid = {9A079081-0124-40BA-9694-0F512D576487}
	EndGlobalSection
EndGlobal
